// !$*UTF8*$!
{
	archiveVersion = 1;
	classes = {
	};
	objectVersion = 46;
	objects = {

/* Begin PBXBuildFile section */
		8CA8FDAC1C550DEA004B8A13 /* EMCCountry.m in Sources */ = {isa = PBXBuildFile; fileRef = 8CA8FDA31C550DEA004B8A13 /* EMCCountry.m */; };
		8CA8FDAD1C550DEA004B8A13 /* EMCCountryManager.m in Sources */ = {isa = PBXBuildFile; fileRef = 8CA8FDA61C550DEA004B8A13 /* EMCCountryManager.m */; };
		8CA8FDAE1C550DEA004B8A13 /* EMCCountryPickerController.bundle in Resources */ = {isa = PBXBuildFile; fileRef = 8CA8FDA71C550DEA004B8A13 /* EMCCountryPickerController.bundle */; };
		8CA8FDAF1C550DEA004B8A13 /* EMCCountryPickerController.m in Sources */ = {isa = PBXBuildFile; fileRef = 8CA8FDA91C550DEA004B8A13 /* EMCCountryPickerController.m */; };
		8CA8FDB01C550DEA004B8A13 /* UIImage+UIImage_EMCImageResize.m in Sources */ = {isa = PBXBuildFile; fileRef = 8CA8FDAB1C550DEA004B8A13 /* UIImage+UIImage_EMCImageResize.m */; };
		90FE0BAF192F99650056E748 /* Foundation.framework in Frameworks */ = {isa = PBXBuildFile; fileRef = 90FE0BAE192F99650056E748 /* Foundation.framework */; };
		90FE0BB1192F99650056E748 /* CoreGraphics.framework in Frameworks */ = {isa = PBXBuildFile; fileRef = 90FE0BB0192F99650056E748 /* CoreGraphics.framework */; };
		90FE0BB3192F99650056E748 /* UIKit.framework in Frameworks */ = {isa = PBXBuildFile; fileRef = 90FE0BB2192F99650056E748 /* UIKit.framework */; };
		90FE0BB9192F99650056E748 /* InfoPlist.strings in Resources */ = {isa = PBXBuildFile; fileRef = 90FE0BB7192F99650056E748 /* InfoPlist.strings */; };
		90FE0BBB192F99650056E748 /* main.m in Sources */ = {isa = PBXBuildFile; fileRef = 90FE0BBA192F99650056E748 /* main.m */; };
		90FE0BBF192F99650056E748 /* CPCAppDelegate.m in Sources */ = {isa = PBXBuildFile; fileRef = 90FE0BBE192F99650056E748 /* CPCAppDelegate.m */; };
		90FE0BC2192F99660056E748 /* Main_iPhone.storyboard in Resources */ = {isa = PBXBuildFile; fileRef = 90FE0BC0192F99660056E748 /* Main_iPhone.storyboard */; };
		90FE0BC5192F99660056E748 /* Main_iPad.storyboard in Resources */ = {isa = PBXBuildFile; fileRef = 90FE0BC3192F99660056E748 /* Main_iPad.storyboard */; };
		90FE0BC8192F99660056E748 /* CPCViewController.m in Sources */ = {isa = PBXBuildFile; fileRef = 90FE0BC7192F99660056E748 /* CPCViewController.m */; };
		90FE0BCA192F99660056E748 /* Images.xcassets in Resources */ = {isa = PBXBuildFile; fileRef = 90FE0BC9192F99660056E748 /* Images.xcassets */; };
/* End PBXBuildFile section */

/* Begin PBXFileReference section */
		8CA8FDA21C550DEA004B8A13 /* EMCCountry.h */ = {isa = PBXFileReference; fileEncoding = 4; lastKnownFileType = sourcecode.c.h; path = EMCCountry.h; sourceTree = "<group>"; };
		8CA8FDA31C550DEA004B8A13 /* EMCCountry.m */ = {isa = PBXFileReference; fileEncoding = 4; lastKnownFileType = sourcecode.c.objc; path = EMCCountry.m; sourceTree = "<group>"; };
		8CA8FDA41C550DEA004B8A13 /* EMCCountryDelegate.h */ = {isa = PBXFileReference; fileEncoding = 4; lastKnownFileType = sourcecode.c.h; path = EMCCountryDelegate.h; sourceTree = "<group>"; };
		8CA8FDA51C550DEA004B8A13 /* EMCCountryManager.h */ = {isa = PBXFileReference; fileEncoding = 4; lastKnownFileType = sourcecode.c.h; path = EMCCountryManager.h; sourceTree = "<group>"; };
		8CA8FDA61C550DEA004B8A13 /* EMCCountryManager.m */ = {isa = PBXFileReference; fileEncoding = 4; lastKnownFileType = sourcecode.c.objc; path = EMCCountryManager.m; sourceTree = "<group>"; };
		8CA8FDA71C550DEA004B8A13 /* EMCCountryPickerController.bundle */ = {isa = PBXFileReference; lastKnownFileType = "wrapper.plug-in"; path = EMCCountryPickerController.bundle; sourceTree = "<group>"; };
		8CA8FDA81C550DEA004B8A13 /* EMCCountryPickerController.h */ = {isa = PBXFileReference; fileEncoding = 4; lastKnownFileType = sourcecode.c.h; path = EMCCountryPickerController.h; sourceTree = "<group>"; };
		8CA8FDA91C550DEA004B8A13 /* EMCCountryPickerController.m */ = {isa = PBXFileReference; fileEncoding = 4; lastKnownFileType = sourcecode.c.objc; path = EMCCountryPickerController.m; sourceTree = "<group>"; };
		8CA8FDAA1C550DEA004B8A13 /* UIImage+UIImage_EMCImageResize.h */ = {isa = PBXFileReference; fileEncoding = 4; lastKnownFileType = sourcecode.c.h; path = "UIImage+UIImage_EMCImageResize.h"; sourceTree = "<group>"; };
		8CA8FDAB1C550DEA004B8A13 /* UIImage+UIImage_EMCImageResize.m */ = {isa = PBXFileReference; fileEncoding = 4; lastKnownFileType = sourcecode.c.objc; path = "UIImage+UIImage_EMCImageResize.m"; sourceTree = "<group>"; };
		90FE0BAB192F99650056E748 /* EMCCountryPickerControllerDemo.app */ = {isa = PBXFileReference; explicitFileType = wrapper.application; includeInIndex = 0; path = EMCCountryPickerControllerDemo.app; sourceTree = BUILT_PRODUCTS_DIR; };
		90FE0BAE192F99650056E748 /* Foundation.framework */ = {isa = PBXFileReference; lastKnownFileType = wrapper.framework; name = Foundation.framework; path = System/Library/Frameworks/Foundation.framework; sourceTree = SDKROOT; };
		90FE0BB0192F99650056E748 /* CoreGraphics.framework */ = {isa = PBXFileReference; lastKnownFileType = wrapper.framework; name = CoreGraphics.framework; path = System/Library/Frameworks/CoreGraphics.framework; sourceTree = SDKROOT; };
		90FE0BB2192F99650056E748 /* UIKit.framework */ = {isa = PBXFileReference; lastKnownFileType = wrapper.framework; name = UIKit.framework; path = System/Library/Frameworks/UIKit.framework; sourceTree = SDKROOT; };
		90FE0BB6192F99650056E748 /* EMCCountryPickerControllerDemo-Info.plist */ = {isa = PBXFileReference; lastKnownFileType = text.plist.xml; path = "EMCCountryPickerControllerDemo-Info.plist"; sourceTree = "<group>"; };
		90FE0BB8192F99650056E748 /* en */ = {isa = PBXFileReference; lastKnownFileType = text.plist.strings; name = en; path = en.lproj/InfoPlist.strings; sourceTree = "<group>"; };
		90FE0BBA192F99650056E748 /* main.m */ = {isa = PBXFileReference; lastKnownFileType = sourcecode.c.objc; path = main.m; sourceTree = "<group>"; };
		90FE0BBC192F99650056E748 /* EMCCountryPickerControllerDemo-Prefix.pch */ = {isa = PBXFileReference; lastKnownFileType = sourcecode.c.h; path = "EMCCountryPickerControllerDemo-Prefix.pch"; sourceTree = "<group>"; };
		90FE0BBD192F99650056E748 /* CPCAppDelegate.h */ = {isa = PBXFileReference; lastKnownFileType = sourcecode.c.h; path = CPCAppDelegate.h; sourceTree = "<group>"; };
		90FE0BBE192F99650056E748 /* CPCAppDelegate.m */ = {isa = PBXFileReference; lastKnownFileType = sourcecode.c.objc; path = CPCAppDelegate.m; sourceTree = "<group>"; };
		90FE0BC1192F99660056E748 /* Base */ = {isa = PBXFileReference; lastKnownFileType = file.storyboard; name = Base; path = Base.lproj/Main_iPhone.storyboard; sourceTree = "<group>"; };
		90FE0BC4192F99660056E748 /* Base */ = {isa = PBXFileReference; lastKnownFileType = file.storyboard; name = Base; path = Base.lproj/Main_iPad.storyboard; sourceTree = "<group>"; };
		90FE0BC6192F99660056E748 /* CPCViewController.h */ = {isa = PBXFileReference; lastKnownFileType = sourcecode.c.h; path = CPCViewController.h; sourceTree = "<group>"; };
		90FE0BC7192F99660056E748 /* CPCViewController.m */ = {isa = PBXFileReference; lastKnownFileType = sourcecode.c.objc; path = CPCViewController.m; sourceTree = "<group>"; };
		90FE0BC9192F99660056E748 /* Images.xcassets */ = {isa = PBXFileReference; lastKnownFileType = folder.assetcatalog; path = Images.xcassets; sourceTree = "<group>"; };
/* End PBXFileReference section */

/* Begin PBXFrameworksBuildPhase section */
		90FE0BA8192F99650056E748 /* Frameworks */ = {
			isa = PBXFrameworksBuildPhase;
			buildActionMask = 2147483647;
			files = (
				90FE0BB1192F99650056E748 /* CoreGraphics.framework in Frameworks */,
				90FE0BB3192F99650056E748 /* UIKit.framework in Frameworks */,
				90FE0BAF192F99650056E748 /* Foundation.framework in Frameworks */,
			);
			runOnlyForDeploymentPostprocessing = 0;
		};
/* End PBXFrameworksBuildPhase section */

/* Begin PBXGroup section */
		8CA8FDA11C550DEA004B8A13 /* EMCCountryPickerController */ = {
			isa = PBXGroup;
			children = (
				8CA8FDA71C550DEA004B8A13 /* EMCCountryPickerController.bundle */,
				8CA8FDA21C550DEA004B8A13 /* EMCCountry.h */,
				8CA8FDA31C550DEA004B8A13 /* EMCCountry.m */,
				8CA8FDA41C550DEA004B8A13 /* EMCCountryDelegate.h */,
				8CA8FDA51C550DEA004B8A13 /* EMCCountryManager.h */,
				8CA8FDA61C550DEA004B8A13 /* EMCCountryManager.m */,
				8CA8FDA81C550DEA004B8A13 /* EMCCountryPickerController.h */,
				8CA8FDA91C550DEA004B8A13 /* EMCCountryPickerController.m */,
				8CA8FDAA1C550DEA004B8A13 /* UIImage+UIImage_EMCImageResize.h */,
				8CA8FDAB1C550DEA004B8A13 /* UIImage+UIImage_EMCImageResize.m */,
			);
			name = EMCCountryPickerController;
			path = ../EMCCountryPickerController;
			sourceTree = "<group>";
		};
		90FE0BA2192F99650056E748 = {
			isa = PBXGroup;
			children = (
				8CA8FDA11C550DEA004B8A13 /* EMCCountryPickerController */,
				90FE0BB4192F99650056E748 /* EMCCountryPickerControllerDemo */,
				90FE0BAD192F99650056E748 /* Frameworks */,
				90FE0BAC192F99650056E748 /* Products */,
			);
			sourceTree = "<group>";
		};
		90FE0BAC192F99650056E748 /* Products */ = {
			isa = PBXGroup;
			children = (
				90FE0BAB192F99650056E748 /* EMCCountryPickerControllerDemo.app */,
			);
			name = Products;
			sourceTree = "<group>";
		};
		90FE0BAD192F99650056E748 /* Frameworks */ = {
			isa = PBXGroup;
			children = (
				90FE0BAE192F99650056E748 /* Foundation.framework */,
				90FE0BB0192F99650056E748 /* CoreGraphics.framework */,
				90FE0BB2192F99650056E748 /* UIKit.framework */,
			);
			name = Frameworks;
			sourceTree = "<group>";
		};
		90FE0BB4192F99650056E748 /* EMCCountryPickerControllerDemo */ = {
			isa = PBXGroup;
			children = (
				90FE0BBD192F99650056E748 /* CPCAppDelegate.h */,
				90FE0BBE192F99650056E748 /* CPCAppDelegate.m */,
				90FE0BC6192F99660056E748 /* CPCViewController.h */,
				90FE0BC7192F99660056E748 /* CPCViewController.m */,
				90FE0BC9192F99660056E748 /* Images.xcassets */,
				90FE0BC3192F99660056E748 /* Main_iPad.storyboard */,
				90FE0BC0192F99660056E748 /* Main_iPhone.storyboard */,
				90FE0BB5192F99650056E748 /* Supporting Files */,
			);
			path = EMCCountryPickerControllerDemo;
			sourceTree = "<group>";
		};
		90FE0BB5192F99650056E748 /* Supporting Files */ = {
			isa = PBXGroup;
			children = (
				90FE0BB6192F99650056E748 /* EMCCountryPickerControllerDemo-Info.plist */,
				90FE0BB7192F99650056E748 /* InfoPlist.strings */,
				90FE0BBA192F99650056E748 /* main.m */,
				90FE0BBC192F99650056E748 /* EMCCountryPickerControllerDemo-Prefix.pch */,
			);
			name = "Supporting Files";
			sourceTree = "<group>";
		};
/* End PBXGroup section */

/* Begin PBXNativeTarget section */
		90FE0BAA192F99650056E748 /* EMCCountryPickerControllerDemo */ = {
			isa = PBXNativeTarget;
			buildConfigurationList = 90FE0BE0192F99660056E748 /* Build configuration list for PBXNativeTarget "EMCCountryPickerControllerDemo" */;
			buildPhases = (
				90FE0BA7192F99650056E748 /* Sources */,
				90FE0BA8192F99650056E748 /* Frameworks */,
				90FE0BA9192F99650056E748 /* Resources */,
			);
			buildRules = (
			);
			dependencies = (
			);
			name = EMCCountryPickerControllerDemo;
			productName = EMCCountryPickerControllerDemo;
			productReference = 90FE0BAB192F99650056E748 /* EMCCountryPickerControllerDemo.app */;
			productType = "com.apple.product-type.application";
		};
/* End PBXNativeTarget section */

/* Begin PBXProject section */
		90FE0BA3192F99650056E748 /* Project object */ = {
			isa = PBXProject;
			attributes = {
				CLASSPREFIX = CPC;
				LastUpgradeCheck = 0510;
				ORGANIZATIONNAME = "Enrico M. Crisostomo";
			};
			buildConfigurationList = 90FE0BA6192F99650056E748 /* Build configuration list for PBXProject "EMCCountryPickerControllerDemo" */;
			compatibilityVersion = "Xcode 3.2";
			developmentRegion = English;
			hasScannedForEncodings = 0;
			knownRegions = (
				en,
				Base,
			);
			mainGroup = 90FE0BA2192F99650056E748;
			productRefGroup = 90FE0BAC192F99650056E748 /* Products */;
			projectDirPath = "";
			projectRoot = "";
			targets = (
				90FE0BAA192F99650056E748 /* EMCCountryPickerControllerDemo */,
			);
		};
/* End PBXProject section */

/* Begin PBXResourcesBuildPhase section */
		90FE0BA9192F99650056E748 /* Resources */ = {
			isa = PBXResourcesBuildPhase;
			buildActionMask = 2147483647;
			files = (
				8CA8FDAE1C550DEA004B8A13 /* EMCCountryPickerController.bundle in Resources */,
				90FE0BC5192F99660056E748 /* Main_iPad.storyboard in Resources */,
				90FE0BCA192F99660056E748 /* Images.xcassets in Resources */,
				90FE0BC2192F99660056E748 /* Main_iPhone.storyboard in Resources */,
				90FE0BB9192F99650056E748 /* InfoPlist.strings in Resources */,
			);
			runOnlyForDeploymentPostprocessing = 0;
		};
/* End PBXResourcesBuildPhase section */

/* Begin PBXSourcesBuildPhase section */
		90FE0BA7192F99650056E748 /* Sources */ = {
			isa = PBXSourcesBuildPhase;
			buildActionMask = 2147483647;
			files = (
				8CA8FDAC1C550DEA004B8A13 /* EMCCountry.m in Sources */,
				90FE0BC8192F99660056E748 /* CPCViewController.m in Sources */,
				8CA8FDAF1C550DEA004B8A13 /* EMCCountryPickerController.m in Sources */,
				8CA8FDB01C550DEA004B8A13 /* UIImage+UIImage_EMCImageResize.m in Sources */,
				90FE0BBB192F99650056E748 /* main.m in Sources */,
				8CA8FDAD1C550DEA004B8A13 /* EMCCountryManager.m in Sources */,
				90FE0BBF192F99650056E748 /* CPCAppDelegate.m in Sources */,
			);
			runOnlyForDeploymentPostprocessing = 0;
		};
/* End PBXSourcesBuildPhase section */

/* Begin PBXVariantGroup section */
		90FE0BB7192F99650056E748 /* InfoPlist.strings */ = {
			isa = PBXVariantGroup;
			children = (
				90FE0BB8192F99650056E748 /* en */,
			);
			name = InfoPlist.strings;
			sourceTree = "<group>";
		};
		90FE0BC0192F99660056E748 /* Main_iPhone.storyboard */ = {
			isa = PBXVariantGroup;
			children = (
				90FE0BC1192F99660056E748 /* Base */,
			);
			name = Main_iPhone.storyboard;
			sourceTree = "<group>";
		};
		90FE0BC3192F99660056E748 /* Main_iPad.storyboard */ = {
			isa = PBXVariantGroup;
			children = (
				90FE0BC4192F99660056E748 /* Base */,
			);
			name = Main_iPad.storyboard;
			sourceTree = "<group>";
		};
/* End PBXVariantGroup section */

/* Begin XCBuildConfiguration section */
		90FE0BDE192F99660056E748 /* Debug */ = {
			isa = XCBuildConfiguration;
			buildSettings = {
				ALWAYS_SEARCH_USER_PATHS = NO;
				CLANG_CXX_LANGUAGE_STANDARD = "gnu++0x";
				CLANG_CXX_LIBRARY = "libc++";
				CLANG_ENABLE_MODULES = YES;
				CLANG_ENABLE_OBJC_ARC = YES;
				CLANG_WARN_BOOL_CONVERSION = YES;
				CLANG_WARN_CONSTANT_CONVERSION = YES;
				CLANG_WARN_DIRECT_OBJC_ISA_USAGE = YES_ERROR;
				CLANG_WARN_EMPTY_BODY = YES;
				CLANG_WARN_ENUM_CONVERSION = YES;
				CLANG_WARN_INT_CONVERSION = YES;
				CLANG_WARN_OBJC_ROOT_CLASS = YES_ERROR;
				CLANG_WARN__DUPLICATE_METHOD_MATCH = YES;
				"CODE_SIGN_IDENTITY[sdk=iphoneos*]" = "iPhone Developer";
				COPY_PHASE_STRIP = NO;
				GCC_C_LANGUAGE_STANDARD = gnu99;
				GCC_DYNAMIC_NO_PIC = NO;
				GCC_OPTIMIZATION_LEVEL = 0;
				GCC_PREPROCESSOR_DEFINITIONS = (
					"DEBUG=1",
					"$(inherited)",
				);
				GCC_SYMBOLS_PRIVATE_EXTERN = NO;
				GCC_WARN_64_TO_32_BIT_CONVERSION = YES;
				GCC_WARN_ABOUT_RETURN_TYPE = YES_ERROR;
				GCC_WARN_UNDECLARED_SELECTOR = YES;
				GCC_WARN_UNINITIALIZED_AUTOS = YES_AGGRESSIVE;
				GCC_WARN_UNUSED_FUNCTION = YES;
				GCC_WARN_UNUSED_VARIABLE = YES;
				IPHONEOS_DEPLOYMENT_TARGET = 7.1;
				ONLY_ACTIVE_ARCH = YES;
				SDKROOT = iphoneos;
				TARGETED_DEVICE_FAMILY = "1,2";
			};
			name = Debug;
		};
		90FE0BDF192F99660056E748 /* Release */ = {
			isa = XCBuildConfiguration;
			buildSettings = {
				ALWAYS_SEARCH_USER_PATHS = NO;
				CLANG_CXX_LANGUAGE_STANDARD = "gnu++0x";
				CLANG_CXX_LIBRARY = "libc++";
				CLANG_ENABLE_MODULES = YES;
				CLANG_ENABLE_OBJC_ARC = YES;
				CLANG_WARN_BOOL_CONVERSION = YES;
				CLANG_WARN_CONSTANT_CONVERSION = YES;
				CLANG_WARN_DIRECT_OBJC_ISA_USAGE = YES_ERROR;
				CLANG_WARN_EMPTY_BODY = YES;
				CLANG_WARN_ENUM_CONVERSION = YES;
				CLANG_WARN_INT_CONVERSION = YES;
				CLANG_WARN_OBJC_ROOT_CLASS = YES_ERROR;
				CLANG_WARN__DUPLICATE_METHOD_MATCH = YES;
				"CODE_SIGN_IDENTITY[sdk=iphoneos*]" = "iPhone Developer";
				COPY_PHASE_STRIP = YES;
				ENABLE_NS_ASSERTIONS = NO;
				GCC_C_LANGUAGE_STANDARD = gnu99;
				GCC_WARN_64_TO_32_BIT_CONVERSION = YES;
				GCC_WARN_ABOUT_RETURN_TYPE = YES_ERROR;
				GCC_WARN_UNDECLARED_SELECTOR = YES;
				GCC_WARN_UNINITIALIZED_AUTOS = YES_AGGRESSIVE;
				GCC_WARN_UNUSED_FUNCTION = YES;
				GCC_WARN_UNUSED_VARIABLE = YES;
				IPHONEOS_DEPLOYMENT_TARGET = 7.1;
				SDKROOT = iphoneos;
				TARGETED_DEVICE_FAMILY = "1,2";
				VALIDATE_PRODUCT = YES;
			};
			name = Release;
		};
		90FE0BE1192F99660056E748 /* Debug */ = {
			isa = XCBuildConfiguration;
			buildSettings = {
				ASSETCATALOG_COMPILER_APPICON_NAME = AppIcon;
				ASSETCATALOG_COMPILER_LAUNCHIMAGE_NAME = LaunchImage;
				GCC_PRECOMPILE_PREFIX_HEADER = YES;
				GCC_PREFIX_HEADER = "EMCCountryPickerControllerDemo/EMCCountryPickerControllerDemo-Prefix.pch";
				INFOPLIST_FILE = "EMCCountryPickerControllerDemo/EMCCountryPickerControllerDemo-Info.plist";
				IPHONEOS_DEPLOYMENT_TARGET = 6.1;
				PRODUCT_NAME = "$(TARGET_NAME)";
				WRAPPER_EXTENSION = app;
			};
			name = Debug;
		};
		90FE0BE2192F99660056E748 /* Release */ = {
			isa = XCBuildConfiguration;
			buildSettings = {
				ASSETCATALOG_COMPILER_APPICON_NAME = AppIcon;
				ASSETCATALOG_COMPILER_LAUNCHIMAGE_NAME = LaunchImage;
				GCC_PRECOMPILE_PREFIX_HEADER = YES;
				GCC_PREFIX_HEADER = "EMCCountryPickerControllerDemo/EMCCountryPickerControllerDemo-Prefix.pch";
				INFOPLIST_FILE = "EMCCountryPickerControllerDemo/EMCCountryPickerControllerDemo-Info.plist";
				IPHONEOS_DEPLOYMENT_TARGET = 6.1;
				PRODUCT_NAME = "$(TARGET_NAME)";
				WRAPPER_EXTENSION = app;
			};
			name = Release;
		};
/* End XCBuildConfiguration section */

/* Begin XCConfigurationList section */
		90FE0BA6192F99650056E748 /* Build configuration list for PBXProject "EMCCountryPickerControllerDemo" */ = {
			isa = XCConfigurationList;
			buildConfigurations = (
				90FE0BDE192F99660056E748 /* Debug */,
				90FE0BDF192F99660056E748 /* Release */,
			);
			defaultConfigurationIsVisible = 0;
			defaultConfigurationName = Release;
		};
		90FE0BE0192F99660056E748 /* Build configuration list for PBXNativeTarget "EMCCountryPickerControllerDemo" */ = {
			isa = XCConfigurationList;
			buildConfigurations = (
				90FE0BE1192F99660056E748 /* Debug */,
				90FE0BE2192F99660056E748 /* Release */,
			);
			defaultConfigurationIsVisible = 0;
			defaultConfigurationName = Release;
		};
/* End XCConfigurationList section */
	};
	rootObject = 90FE0BA3192F99650056E748 /* Project object */;
}
